
Microsoft Visual Studio Solution File, Format Version 12.00
# Visual Studio Version 16
VisualStudioVersion = 16.0.31702.278
MinimumVisualStudioVersion = 10.0.40219.1
Project("{9A19103F-16F7-4668-BE54-9A1E7A4F7556}") = "Paint", "Paint\Paint.csproj", "{28807829-28D9-441F-B49E-7EEEDFF573F3}"
EndProject
Project("{9A19103F-16F7-4668-BE54-9A1E7A4F7556}") = "Contract", "Contract\Contract.csproj", "{41217A37-61AD-40E9-8D0F-21357F6C3D12}"
EndProject
Project("{9A19103F-16F7-4668-BE54-9A1E7A4F7556}") = "Line2D", "Line2D\Line2D.csproj", "{9B3C9D06-575A-46E5-85B7-44C6DAA16FA9}"
EndProject
Project("{FAE04EC0-301F-11D3-BF4B-00C04F79EFBC}") = "Text2D", "Text2D\Text2D.csproj", "{E48FB03A-0855-4597-BDAC-94933508C025}"
EndProject
Global
	GlobalSection(SolutionConfigurationPlatforms) = preSolution
		Debug|Any CPU = Debug|Any CPU
		Release|Any CPU = Release|Any CPU
	EndGlobalSection
	GlobalSection(ProjectConfigurationPlatforms) = postSolution
		{28807829-28D9-441F-B49E-7EEEDFF573F3}.Debug|Any CPU.ActiveCfg = Debug|Any CPU
		{28807829-28D9-441F-B49E-7EEEDFF573F3}.Debug|Any CPU.Build.0 = Debug|Any CPU
		{28807829-28D9-441F-B49E-7EEEDFF573F3}.Release|Any CPU.ActiveCfg = Release|Any CPU
		{28807829-28D9-441F-B49E-7EEEDFF573F3}.Release|Any CPU.Build.0 = Release|Any CPU
		{41217A37-61AD-40E9-8D0F-21357F6C3D12}.Debug|Any CPU.ActiveCfg = Debug|Any CPU
		{41217A37-61AD-40E9-8D0F-21357F6C3D12}.Debug|Any CPU.Build.0 = Debug|Any CPU
		{41217A37-61AD-40E9-8D0F-21357F6C3D12}.Release|Any CPU.ActiveCfg = Release|Any CPU
		{41217A37-61AD-40E9-8D0F-21357F6C3D12}.Release|Any CPU.Build.0 = Release|Any CPU
		{9B3C9D06-575A-46E5-85B7-44C6DAA16FA9}.Debug|Any CPU.ActiveCfg = Debug|Any CPU
		{9B3C9D06-575A-46E5-85B7-44C6DAA16FA9}.Debug|Any CPU.Build.0 = Debug|Any CPU
		{9B3C9D06-575A-46E5-85B7-44C6DAA16FA9}.Release|Any CPU.ActiveCfg = Release|Any CPU
		{9B3C9D06-575A-46E5-85B7-44C6DAA16FA9}.Release|Any CPU.Build.0 = Release|Any CPU
		{E48FB03A-0855-4597-BDAC-94933508C025}.Debug|Any CPU.ActiveCfg = Debug|Any CPU
		{E48FB03A-0855-4597-BDAC-94933508C025}.Debug|Any CPU.Build.0 = Debug|Any CPU
		{E48FB03A-0855-4597-BDAC-94933508C025}.Release|Any CPU.ActiveCfg = Release|Any CPU
		{E48FB03A-0855-4597-BDAC-94933508C025}.Release|Any CPU.Build.0 = Release|Any CPU
	EndGlobalSection
	GlobalSection(SolutionProperties) = preSolution
		HideSolutionNode = FALSE
	EndGlobalSection
	GlobalSection(ExtensibilityGlobals) = postSolution
		SolutionGuid = {0BF939F9-2C5C-45B4-A37F-434B113C29D0}
	EndGlobalSection
EndGlobal
